// !$*UTF8*$!
{
	archiveVersion = 1;
	classes = {
	};
	objectVersion = 56;
	objects = {

/* Begin PBXBuildFile section */
		1609537129E68D6E00F87522 /* RoundedCorner.swift in Sources */ = {isa = PBXBuildFile; fileRef = 1609536F29E68D6E00F87522 /* RoundedCorner.swift */; };
		1609537229E68D6E00F87522 /* ColorTheme.swift in Sources */ = {isa = PBXBuildFile; fileRef = 1609537029E68D6E00F87522 /* ColorTheme.swift */; };
		1609537829E68D8400F87522 /* Localization.strings in Resources */ = {isa = PBXBuildFile; fileRef = 1609537429E68D8400F87522 /* Localization.strings */; };
		1609537929E68D8400F87522 /* Language.swift in Sources */ = {isa = PBXBuildFile; fileRef = 1609537629E68D8400F87522 /* Language.swift */; };
		1609537E29E68D9F00F87522 /* quran_en.json in Resources */ = {isa = PBXBuildFile; fileRef = 1609537A29E68D9F00F87522 /* quran_en.json */; };
		1609537F29E68D9F00F87522 /* NestedDecodable.swift in Sources */ = {isa = PBXBuildFile; fileRef = 1609537B29E68D9F00F87522 /* NestedDecodable.swift */; };
		1609538029E68D9F00F87522 /* Model.swift in Sources */ = {isa = PBXBuildFile; fileRef = 1609537C29E68D9F00F87522 /* Model.swift */; };
		1609538129E68D9F00F87522 /* quran_id.json in Resources */ = {isa = PBXBuildFile; fileRef = 1609537D29E68D9F00F87522 /* quran_id.json */; };
		1609538929E68DB400F87522 /* VerseCellView.swift in Sources */ = {isa = PBXBuildFile; fileRef = 1609538329E68DB400F87522 /* VerseCellView.swift */; };
		1609538A29E68DB400F87522 /* VerseListView.swift in Sources */ = {isa = PBXBuildFile; fileRef = 1609538429E68DB400F87522 /* VerseListView.swift */; };
		1609538B29E68DB400F87522 /* SearchBar.swift in Sources */ = {isa = PBXBuildFile; fileRef = 1609538529E68DB400F87522 /* SearchBar.swift */; };
		1609538C29E68DB400F87522 /* SearchVC.swift in Sources */ = {isa = PBXBuildFile; fileRef = 1609538629E68DB400F87522 /* SearchVC.swift */; };
		1609538D29E68DB400F87522 /* VerseDetailView.swift in Sources */ = {isa = PBXBuildFile; fileRef = 1609538829E68DB400F87522 /* VerseDetailView.swift */; };
		1643B29929F634ED00C10B3C /* ChapterListVC.swift in Sources */ = {isa = PBXBuildFile; fileRef = 1643B29829F634ED00C10B3C /* ChapterListVC.swift */; };
		1643B29B29F6352900C10B3C /* ChapterListView.swift in Sources */ = {isa = PBXBuildFile; fileRef = 1643B29A29F6352900C10B3C /* ChapterListView.swift */; };
		1643EFD429E5684A005602D3 /* AppDelegate.swift in Sources */ = {isa = PBXBuildFile; fileRef = 1643EFD329E5684A005602D3 /* AppDelegate.swift */; };
		1643EFD629E5684A005602D3 /* SceneDelegate.swift in Sources */ = {isa = PBXBuildFile; fileRef = 1643EFD529E5684A005602D3 /* SceneDelegate.swift */; };
		1643EFD829E5684A005602D3 /* ViewController.swift in Sources */ = {isa = PBXBuildFile; fileRef = 1643EFD729E5684A005602D3 /* ViewController.swift */; };
		1643EFDD29E5684B005602D3 /* Assets.xcassets in Resources */ = {isa = PBXBuildFile; fileRef = 1643EFDC29E5684B005602D3 /* Assets.xcassets */; };
		1643EFE029E5684B005602D3 /* LaunchScreen.storyboard in Resources */ = {isa = PBXBuildFile; fileRef = 1643EFDE29E5684B005602D3 /* LaunchScreen.storyboard */; };
		1698955B29F57591009114D6 /* BookmarkListView.swift in Sources */ = {isa = PBXBuildFile; fileRef = 1698955A29F57591009114D6 /* BookmarkListView.swift */; };
		1698955D29F5775A009114D6 /* BookmarkListVC.swift in Sources */ = {isa = PBXBuildFile; fileRef = 1698955C29F5775A009114D6 /* BookmarkListVC.swift */; };
		16CF5FBF29E9B31E00B3AD22 /* MainVC.swift in Sources */ = {isa = PBXBuildFile; fileRef = 16CF5FBE29E9B31E00B3AD22 /* MainVC.swift */; };
		64C363998B8BDDF21C18C0E9 /* Pods_QuranSearch.framework in Frameworks */ = {isa = PBXBuildFile; fileRef = 1FCDE878F64A783CDF2B28D1 /* Pods_QuranSearch.framework */; };
/* End PBXBuildFile section */

/* Begin PBXFileReference section */
		1609536F29E68D6E00F87522 /* RoundedCorner.swift */ = {isa = PBXFileReference; fileEncoding = 4; lastKnownFileType = sourcecode.swift; path = RoundedCorner.swift; sourceTree = "<group>"; };
		1609537029E68D6E00F87522 /* ColorTheme.swift */ = {isa = PBXFileReference; fileEncoding = 4; lastKnownFileType = sourcecode.swift; path = ColorTheme.swift; sourceTree = "<group>"; };
		1609537529E68D8400F87522 /* en */ = {isa = PBXFileReference; lastKnownFileType = text.plist.strings; name = en; path = en.lproj/Localization.strings; sourceTree = "<group>"; };
		1609537629E68D8400F87522 /* Language.swift */ = {isa = PBXFileReference; fileEncoding = 4; lastKnownFileType = sourcecode.swift; path = Language.swift; sourceTree = "<group>"; };
		1609537729E68D8400F87522 /* id */ = {isa = PBXFileReference; lastKnownFileType = text.plist.strings; name = id; path = id.lproj/Localization.strings; sourceTree = "<group>"; };
		1609537A29E68D9F00F87522 /* quran_en.json */ = {isa = PBXFileReference; fileEncoding = 4; lastKnownFileType = text.json; name = quran_en.json; path = QuranTranslation/quran_en.json; sourceTree = SOURCE_ROOT; };
		1609537B29E68D9F00F87522 /* NestedDecodable.swift */ = {isa = PBXFileReference; fileEncoding = 4; lastKnownFileType = sourcecode.swift; name = NestedDecodable.swift; path = QuranTranslation/NestedDecodable.swift; sourceTree = SOURCE_ROOT; };
		1609537C29E68D9F00F87522 /* Model.swift */ = {isa = PBXFileReference; fileEncoding = 4; lastKnownFileType = sourcecode.swift; name = Model.swift; path = QuranTranslation/Model.swift; sourceTree = SOURCE_ROOT; };
		1609537D29E68D9F00F87522 /* quran_id.json */ = {isa = PBXFileReference; fileEncoding = 4; lastKnownFileType = text.json; name = quran_id.json; path = QuranTranslation/quran_id.json; sourceTree = SOURCE_ROOT; };
		1609538329E68DB400F87522 /* VerseCellView.swift */ = {isa = PBXFileReference; fileEncoding = 4; lastKnownFileType = sourcecode.swift; path = VerseCellView.swift; sourceTree = "<group>"; };
		1609538429E68DB400F87522 /* VerseListView.swift */ = {isa = PBXFileReference; fileEncoding = 4; lastKnownFileType = sourcecode.swift; path = VerseListView.swift; sourceTree = "<group>"; };
		1609538529E68DB400F87522 /* SearchBar.swift */ = {isa = PBXFileReference; fileEncoding = 4; lastKnownFileType = sourcecode.swift; path = SearchBar.swift; sourceTree = "<group>"; };
		1609538629E68DB400F87522 /* SearchVC.swift */ = {isa = PBXFileReference; fileEncoding = 4; lastKnownFileType = sourcecode.swift; name = SearchVC.swift; path = QuranTranslation/SearchPage/SearchVC.swift; sourceTree = SOURCE_ROOT; };
		1609538829E68DB400F87522 /* VerseDetailView.swift */ = {isa = PBXFileReference; fileEncoding = 4; lastKnownFileType = sourcecode.swift; path = VerseDetailView.swift; sourceTree = "<group>"; };
		1643B29829F634ED00C10B3C /* ChapterListVC.swift */ = {isa = PBXFileReference; lastKnownFileType = sourcecode.swift; path = ChapterListVC.swift; sourceTree = "<group>"; };
		1643B29A29F6352900C10B3C /* ChapterListView.swift */ = {isa = PBXFileReference; lastKnownFileType = sourcecode.swift; path = ChapterListView.swift; sourceTree = "<group>"; };
		1643EFD029E5684A005602D3 /* QuranSearch.app */ = {isa = PBXFileReference; explicitFileType = wrapper.application; includeInIndex = 0; path = QuranSearch.app; sourceTree = BUILT_PRODUCTS_DIR; };
		1643EFD329E5684A005602D3 /* AppDelegate.swift */ = {isa = PBXFileReference; lastKnownFileType = sourcecode.swift; path = AppDelegate.swift; sourceTree = "<group>"; };
		1643EFD529E5684A005602D3 /* SceneDelegate.swift */ = {isa = PBXFileReference; lastKnownFileType = sourcecode.swift; path = SceneDelegate.swift; sourceTree = "<group>"; };
		1643EFD729E5684A005602D3 /* ViewController.swift */ = {isa = PBXFileReference; lastKnownFileType = sourcecode.swift; path = ViewController.swift; sourceTree = "<group>"; };
		1643EFDC29E5684B005602D3 /* Assets.xcassets */ = {isa = PBXFileReference; lastKnownFileType = folder.assetcatalog; path = Assets.xcassets; sourceTree = "<group>"; };
		1643EFDF29E5684B005602D3 /* Base */ = {isa = PBXFileReference; lastKnownFileType = file.storyboard; name = Base; path = Base.lproj/LaunchScreen.storyboard; sourceTree = "<group>"; };
		1643EFE129E5684B005602D3 /* Info.plist */ = {isa = PBXFileReference; lastKnownFileType = text.plist.xml; path = Info.plist; sourceTree = "<group>"; };
		1698955A29F57591009114D6 /* BookmarkListView.swift */ = {isa = PBXFileReference; lastKnownFileType = sourcecode.swift; path = BookmarkListView.swift; sourceTree = "<group>"; };
		1698955C29F5775A009114D6 /* BookmarkListVC.swift */ = {isa = PBXFileReference; lastKnownFileType = sourcecode.swift; path = BookmarkListVC.swift; sourceTree = "<group>"; };
		16CF5FBE29E9B31E00B3AD22 /* MainVC.swift */ = {isa = PBXFileReference; lastKnownFileType = sourcecode.swift; path = MainVC.swift; sourceTree = "<group>"; };
		1FCDE878F64A783CDF2B28D1 /* Pods_QuranSearch.framework */ = {isa = PBXFileReference; explicitFileType = wrapper.framework; includeInIndex = 0; path = Pods_QuranSearch.framework; sourceTree = BUILT_PRODUCTS_DIR; };
		5F59716AF7113D24C1E56FF2 /* Pods-QuranSearch.release.xcconfig */ = {isa = PBXFileReference; includeInIndex = 1; lastKnownFileType = text.xcconfig; name = "Pods-QuranSearch.release.xcconfig"; path = "Target Support Files/Pods-QuranSearch/Pods-QuranSearch.release.xcconfig"; sourceTree = "<group>"; };
		EEDFA4772D407F1222E75186 /* Pods-QuranSearch.debug.xcconfig */ = {isa = PBXFileReference; includeInIndex = 1; lastKnownFileType = text.xcconfig; name = "Pods-QuranSearch.debug.xcconfig"; path = "Target Support Files/Pods-QuranSearch/Pods-QuranSearch.debug.xcconfig"; sourceTree = "<group>"; };
/* End PBXFileReference section */

/* Begin PBXFrameworksBuildPhase section */
		1643EFCD29E5684A005602D3 /* Frameworks */ = {
			isa = PBXFrameworksBuildPhase;
			buildActionMask = 2147483647;
			files = (
				64C363998B8BDDF21C18C0E9 /* Pods_QuranSearch.framework in Frameworks */,
			);
			runOnlyForDeploymentPostprocessing = 0;
		};
/* End PBXFrameworksBuildPhase section */

/* Begin PBXGroup section */
		1609536E29E68D6E00F87522 /* Common */ = {
			isa = PBXGroup;
			children = (
				1609536F29E68D6E00F87522 /* RoundedCorner.swift */,
				1609537029E68D6E00F87522 /* ColorTheme.swift */,
			);
			name = Common;
			path = QuranTranslation/Common;
			sourceTree = SOURCE_ROOT;
		};
		1609537329E68D8400F87522 /* Localization */ = {
			isa = PBXGroup;
			children = (
				1609537429E68D8400F87522 /* Localization.strings */,
				1609537629E68D8400F87522 /* Language.swift */,
			);
			name = Localization;
			path = QuranTranslation/Localization;
			sourceTree = SOURCE_ROOT;
		};
		1609538229E68DB400F87522 /* SearchPage */ = {
			isa = PBXGroup;
			children = (
				1609538629E68DB400F87522 /* SearchVC.swift */,
				1609538329E68DB400F87522 /* VerseCellView.swift */,
				1609538429E68DB400F87522 /* VerseListView.swift */,
				1609538529E68DB400F87522 /* SearchBar.swift */,
			);
			name = SearchPage;
			path = QuranTranslation/SearchPage;
			sourceTree = SOURCE_ROOT;
		};
		1609538729E68DB400F87522 /* VerseDetail */ = {
			isa = PBXGroup;
			children = (
				1609538829E68DB400F87522 /* VerseDetailView.swift */,
			);
			name = VerseDetail;
			path = QuranTranslation/VerseDetail;
			sourceTree = SOURCE_ROOT;
		};
		1643B29729F634D300C10B3C /* ChapterList */ = {
			isa = PBXGroup;
			children = (
				1643B29829F634ED00C10B3C /* ChapterListVC.swift */,
				1643B29A29F6352900C10B3C /* ChapterListView.swift */,
			);
			path = ChapterList;
			sourceTree = "<group>";
		};
		1643EFC729E5684A005602D3 = {
			isa = PBXGroup;
			children = (
				1643EFD229E5684A005602D3 /* QuranSearch */,
				1643EFD129E5684A005602D3 /* Products */,
				C18BE6F421112CB1BADA05DF /* Pods */,
				AEF5EDC405D0E981357B2A29 /* Frameworks */,
			);
			sourceTree = "<group>";
		};
		1643EFD129E5684A005602D3 /* Products */ = {
			isa = PBXGroup;
			children = (
				1643EFD029E5684A005602D3 /* QuranSearch.app */,
			);
			name = Products;
			sourceTree = "<group>";
		};
		1643EFD229E5684A005602D3 /* QuranSearch */ = {
			isa = PBXGroup;
			children = (
				1643B29729F634D300C10B3C /* ChapterList */,
				1698955929F57578009114D6 /* Bookmark */,
				16CF5FBD29E9B2D100B3AD22 /* MainVC */,
				1609538229E68DB400F87522 /* SearchPage */,
				1609538729E68DB400F87522 /* VerseDetail */,
				1609537C29E68D9F00F87522 /* Model.swift */,
				1609537B29E68D9F00F87522 /* NestedDecodable.swift */,
				1609537A29E68D9F00F87522 /* quran_en.json */,
				1609537D29E68D9F00F87522 /* quran_id.json */,
				1609537329E68D8400F87522 /* Localization */,
				1609536E29E68D6E00F87522 /* Common */,
				1643EFD329E5684A005602D3 /* AppDelegate.swift */,
				1643EFD529E5684A005602D3 /* SceneDelegate.swift */,
				1643EFD729E5684A005602D3 /* ViewController.swift */,
				1643EFDC29E5684B005602D3 /* Assets.xcassets */,
				1643EFDE29E5684B005602D3 /* LaunchScreen.storyboard */,
				1643EFE129E5684B005602D3 /* Info.plist */,
			);
			path = QuranSearch;
			sourceTree = "<group>";
		};
		1698955929F57578009114D6 /* Bookmark */ = {
			isa = PBXGroup;
			children = (
				1698955A29F57591009114D6 /* BookmarkListView.swift */,
				1698955C29F5775A009114D6 /* BookmarkListVC.swift */,
			);
			path = Bookmark;
			sourceTree = "<group>";
		};
		16CF5FBD29E9B2D100B3AD22 /* MainVC */ = {
			isa = PBXGroup;
			children = (
				16CF5FBE29E9B31E00B3AD22 /* MainVC.swift */,
			);
			path = MainVC;
			sourceTree = "<group>";
		};
		AEF5EDC405D0E981357B2A29 /* Frameworks */ = {
			isa = PBXGroup;
			children = (
				1FCDE878F64A783CDF2B28D1 /* Pods_QuranSearch.framework */,
			);
			name = Frameworks;
			sourceTree = "<group>";
		};
		C18BE6F421112CB1BADA05DF /* Pods */ = {
			isa = PBXGroup;
			children = (
				EEDFA4772D407F1222E75186 /* Pods-QuranSearch.debug.xcconfig */,
				5F59716AF7113D24C1E56FF2 /* Pods-QuranSearch.release.xcconfig */,
			);
			path = Pods;
			sourceTree = "<group>";
		};
/* End PBXGroup section */

/* Begin PBXNativeTarget section */
		1643EFCF29E5684A005602D3 /* QuranSearch */ = {
			isa = PBXNativeTarget;
			buildConfigurationList = 1643EFE429E5684B005602D3 /* Build configuration list for PBXNativeTarget "QuranSearch" */;
			buildPhases = (
				1E0CD94B272CE890220260E0 /* [CP] Check Pods Manifest.lock */,
				1643EFCC29E5684A005602D3 /* Sources */,
				1643EFCD29E5684A005602D3 /* Frameworks */,
				1643EFCE29E5684A005602D3 /* Resources */,
				A51859D103BC5C403ACA5607 /* [CP] Embed Pods Frameworks */,
			);
			buildRules = (
			);
			dependencies = (
			);
			name = QuranSearch;
			productName = QuranSearch;
			productReference = 1643EFD029E5684A005602D3 /* QuranSearch.app */;
			productType = "com.apple.product-type.application";
		};
/* End PBXNativeTarget section */

/* Begin PBXProject section */
		1643EFC829E5684A005602D3 /* Project object */ = {
			isa = PBXProject;
			attributes = {
				BuildIndependentTargetsInParallel = 1;
				LastSwiftUpdateCheck = 1420;
				LastUpgradeCheck = 1420;
				TargetAttributes = {
					1643EFCF29E5684A005602D3 = {
						CreatedOnToolsVersion = 14.2;
					};
				};
			};
			buildConfigurationList = 1643EFCB29E5684A005602D3 /* Build configuration list for PBXProject "QuranSearch" */;
			compatibilityVersion = "Xcode 14.0";
			developmentRegion = en;
			hasScannedForEncodings = 0;
			knownRegions = (
				en,
				Base,
				id,
			);
			mainGroup = 1643EFC729E5684A005602D3;
			productRefGroup = 1643EFD129E5684A005602D3 /* Products */;
			projectDirPath = "";
			projectRoot = "";
			targets = (
				1643EFCF29E5684A005602D3 /* QuranSearch */,
			);
		};
/* End PBXProject section */

/* Begin PBXResourcesBuildPhase section */
		1643EFCE29E5684A005602D3 /* Resources */ = {
			isa = PBXResourcesBuildPhase;
			buildActionMask = 2147483647;
			files = (
				1643EFE029E5684B005602D3 /* LaunchScreen.storyboard in Resources */,
				1609537829E68D8400F87522 /* Localization.strings in Resources */,
				1609538129E68D9F00F87522 /* quran_id.json in Resources */,
				1609537E29E68D9F00F87522 /* quran_en.json in Resources */,
				1643EFDD29E5684B005602D3 /* Assets.xcassets in Resources */,
			);
			runOnlyForDeploymentPostprocessing = 0;
		};
/* End PBXResourcesBuildPhase section */

/* Begin PBXShellScriptBuildPhase section */
		1E0CD94B272CE890220260E0 /* [CP] Check Pods Manifest.lock */ = {
			isa = PBXShellScriptBuildPhase;
			buildActionMask = 2147483647;
			files = (
			);
			inputFileListPaths = (
			);
			inputPaths = (
				"${PODS_PODFILE_DIR_PATH}/Podfile.lock",
				"${PODS_ROOT}/Manifest.lock",
			);
			name = "[CP] Check Pods Manifest.lock";
			outputFileListPaths = (
			);
			outputPaths = (
				"$(DERIVED_FILE_DIR)/Pods-QuranSearch-checkManifestLockResult.txt",
			);
			runOnlyForDeploymentPostprocessing = 0;
			shellPath = /bin/sh;
			shellScript = "diff \"${PODS_PODFILE_DIR_PATH}/Podfile.lock\" \"${PODS_ROOT}/Manifest.lock\" > /dev/null\nif [ $? != 0 ] ; then\n    # print error to STDERR\n    echo \"error: The sandbox is not in sync with the Podfile.lock. Run 'pod install' or update your CocoaPods installation.\" >&2\n    exit 1\nfi\n# This output is used by Xcode 'outputs' to avoid re-running this script phase.\necho \"SUCCESS\" > \"${SCRIPT_OUTPUT_FILE_0}\"\n";
			showEnvVarsInLog = 0;
		};
		A51859D103BC5C403ACA5607 /* [CP] Embed Pods Frameworks */ = {
			isa = PBXShellScriptBuildPhase;
			buildActionMask = 2147483647;
			files = (
			);
			inputFileListPaths = (
				"${PODS_ROOT}/Target Support Files/Pods-QuranSearch/Pods-QuranSearch-frameworks-${CONFIGURATION}-input-files.xcfilelist",
			);
			name = "[CP] Embed Pods Frameworks";
			outputFileListPaths = (
				"${PODS_ROOT}/Target Support Files/Pods-QuranSearch/Pods-QuranSearch-frameworks-${CONFIGURATION}-output-files.xcfilelist",
			);
			runOnlyForDeploymentPostprocessing = 0;
			shellPath = /bin/sh;
			shellScript = "\"${PODS_ROOT}/Target Support Files/Pods-QuranSearch/Pods-QuranSearch-frameworks.sh\"\n";
			showEnvVarsInLog = 0;
		};
/* End PBXShellScriptBuildPhase section */

/* Begin PBXSourcesBuildPhase section */
		1643EFCC29E5684A005602D3 /* Sources */ = {
			isa = PBXSourcesBuildPhase;
			buildActionMask = 2147483647;
			files = (
				1643B29B29F6352900C10B3C /* ChapterListView.swift in Sources */,
				1609538C29E68DB400F87522 /* SearchVC.swift in Sources */,
				1609537129E68D6E00F87522 /* RoundedCorner.swift in Sources */,
				1609537229E68D6E00F87522 /* ColorTheme.swift in Sources */,
				1643EFD829E5684A005602D3 /* ViewController.swift in Sources */,
				1609537929E68D8400F87522 /* Language.swift in Sources */,
				1609538D29E68DB400F87522 /* VerseDetailView.swift in Sources */,
				1609538929E68DB400F87522 /* VerseCellView.swift in Sources */,
				1609537F29E68D9F00F87522 /* NestedDecodable.swift in Sources */,
				1609538A29E68DB400F87522 /* VerseListView.swift in Sources */,
				1698955B29F57591009114D6 /* BookmarkListView.swift in Sources */,
				1698955D29F5775A009114D6 /* BookmarkListVC.swift in Sources */,
				1643EFD429E5684A005602D3 /* AppDelegate.swift in Sources */,
				1643EFD629E5684A005602D3 /* SceneDelegate.swift in Sources */,
				1609538B29E68DB400F87522 /* SearchBar.swift in Sources */,
				1643B29929F634ED00C10B3C /* ChapterListVC.swift in Sources */,
				16CF5FBF29E9B31E00B3AD22 /* MainVC.swift in Sources */,
				1609538029E68D9F00F87522 /* Model.swift in Sources */,
			);
			runOnlyForDeploymentPostprocessing = 0;
		};
/* End PBXSourcesBuildPhase section */

/* Begin PBXVariantGroup section */
		1609537429E68D8400F87522 /* Localization.strings */ = {
			isa = PBXVariantGroup;
			children = (
				1609537529E68D8400F87522 /* en */,
				1609537729E68D8400F87522 /* id */,
			);
			name = Localization.strings;
			sourceTree = "<group>";
		};
		1643EFDE29E5684B005602D3 /* LaunchScreen.storyboard */ = {
			isa = PBXVariantGroup;
			children = (
				1643EFDF29E5684B005602D3 /* Base */,
			);
			name = LaunchScreen.storyboard;
			sourceTree = "<group>";
		};
/* End PBXVariantGroup section */

/* Begin XCBuildConfiguration section */
		1643EFE229E5684B005602D3 /* Debug */ = {
			isa = XCBuildConfiguration;
			buildSettings = {
				ALWAYS_SEARCH_USER_PATHS = NO;
				CLANG_ANALYZER_NONNULL = YES;
				CLANG_ANALYZER_NUMBER_OBJECT_CONVERSION = YES_AGGRESSIVE;
				CLANG_CXX_LANGUAGE_STANDARD = "gnu++20";
				CLANG_ENABLE_MODULES = YES;
				CLANG_ENABLE_OBJC_ARC = YES;
				CLANG_ENABLE_OBJC_WEAK = YES;
				CLANG_WARN_BLOCK_CAPTURE_AUTORELEASING = YES;
				CLANG_WARN_BOOL_CONVERSION = YES;
				CLANG_WARN_COMMA = YES;
				CLANG_WARN_CONSTANT_CONVERSION = YES;
				CLANG_WARN_DEPRECATED_OBJC_IMPLEMENTATIONS = YES;
				CLANG_WARN_DIRECT_OBJC_ISA_USAGE = YES_ERROR;
				CLANG_WARN_DOCUMENTATION_COMMENTS = YES;
				CLANG_WARN_EMPTY_BODY = YES;
				CLANG_WARN_ENUM_CONVERSION = YES;
				CLANG_WARN_INFINITE_RECURSION = YES;
				CLANG_WARN_INT_CONVERSION = YES;
				CLANG_WARN_NON_LITERAL_NULL_CONVERSION = YES;
				CLANG_WARN_OBJC_IMPLICIT_RETAIN_SELF = YES;
				CLANG_WARN_OBJC_LITERAL_CONVERSION = YES;
				CLANG_WARN_OBJC_ROOT_CLASS = YES_ERROR;
				CLANG_WARN_QUOTED_INCLUDE_IN_FRAMEWORK_HEADER = YES;
				CLANG_WARN_RANGE_LOOP_ANALYSIS = YES;
				CLANG_WARN_STRICT_PROTOTYPES = YES;
				CLANG_WARN_SUSPICIOUS_MOVE = YES;
				CLANG_WARN_UNGUARDED_AVAILABILITY = YES_AGGRESSIVE;
				CLANG_WARN_UNREACHABLE_CODE = YES;
				CLANG_WARN__DUPLICATE_METHOD_MATCH = YES;
				COPY_PHASE_STRIP = NO;
				DEBUG_INFORMATION_FORMAT = dwarf;
				ENABLE_STRICT_OBJC_MSGSEND = YES;
				ENABLE_TESTABILITY = YES;
				GCC_C_LANGUAGE_STANDARD = gnu11;
				GCC_DYNAMIC_NO_PIC = NO;
				GCC_NO_COMMON_BLOCKS = YES;
				GCC_OPTIMIZATION_LEVEL = 0;
				GCC_PREPROCESSOR_DEFINITIONS = (
					"DEBUG=1",
					"$(inherited)",
				);
				GCC_WARN_64_TO_32_BIT_CONVERSION = YES;
				GCC_WARN_ABOUT_RETURN_TYPE = YES_ERROR;
				GCC_WARN_UNDECLARED_SELECTOR = YES;
				GCC_WARN_UNINITIALIZED_AUTOS = YES_AGGRESSIVE;
				GCC_WARN_UNUSED_FUNCTION = YES;
				GCC_WARN_UNUSED_VARIABLE = YES;
				IPHONEOS_DEPLOYMENT_TARGET = 16.2;
				MTL_ENABLE_DEBUG_INFO = INCLUDE_SOURCE;
				MTL_FAST_MATH = YES;
				ONLY_ACTIVE_ARCH = YES;
				SDKROOT = iphoneos;
				SWIFT_ACTIVE_COMPILATION_CONDITIONS = DEBUG;
				SWIFT_OPTIMIZATION_LEVEL = "-Onone";
			};
			name = Debug;
		};
		1643EFE329E5684B005602D3 /* Release */ = {
			isa = XCBuildConfiguration;
			buildSettings = {
				ALWAYS_SEARCH_USER_PATHS = NO;
				CLANG_ANALYZER_NONNULL = YES;
				CLANG_ANALYZER_NUMBER_OBJECT_CONVERSION = YES_AGGRESSIVE;
				CLANG_CXX_LANGUAGE_STANDARD = "gnu++20";
				CLANG_ENABLE_MODULES = YES;
				CLANG_ENABLE_OBJC_ARC = YES;
				CLANG_ENABLE_OBJC_WEAK = YES;
				CLANG_WARN_BLOCK_CAPTURE_AUTORELEASING = YES;
				CLANG_WARN_BOOL_CONVERSION = YES;
				CLANG_WARN_COMMA = YES;
				CLANG_WARN_CONSTANT_CONVERSION = YES;
				CLANG_WARN_DEPRECATED_OBJC_IMPLEMENTATIONS = YES;
				CLANG_WARN_DIRECT_OBJC_ISA_USAGE = YES_ERROR;
				CLANG_WARN_DOCUMENTATION_COMMENTS = YES;
				CLANG_WARN_EMPTY_BODY = YES;
				CLANG_WARN_ENUM_CONVERSION = YES;
				CLANG_WARN_INFINITE_RECURSION = YES;
				CLANG_WARN_INT_CONVERSION = YES;
				CLANG_WARN_NON_LITERAL_NULL_CONVERSION = YES;
				CLANG_WARN_OBJC_IMPLICIT_RETAIN_SELF = YES;
				CLANG_WARN_OBJC_LITERAL_CONVERSION = YES;
				CLANG_WARN_OBJC_ROOT_CLASS = YES_ERROR;
				CLANG_WARN_QUOTED_INCLUDE_IN_FRAMEWORK_HEADER = YES;
				CLANG_WARN_RANGE_LOOP_ANALYSIS = YES;
				CLANG_WARN_STRICT_PROTOTYPES = YES;
				CLANG_WARN_SUSPICIOUS_MOVE = YES;
				CLANG_WARN_UNGUARDED_AVAILABILITY = YES_AGGRESSIVE;
				CLANG_WARN_UNREACHABLE_CODE = YES;
				CLANG_WARN__DUPLICATE_METHOD_MATCH = YES;
				COPY_PHASE_STRIP = NO;
				DEBUG_INFORMATION_FORMAT = "dwarf-with-dsym";
				ENABLE_NS_ASSERTIONS = NO;
				ENABLE_STRICT_OBJC_MSGSEND = YES;
				GCC_C_LANGUAGE_STANDARD = gnu11;
				GCC_NO_COMMON_BLOCKS = YES;
				GCC_WARN_64_TO_32_BIT_CONVERSION = YES;
				GCC_WARN_ABOUT_RETURN_TYPE = YES_ERROR;
				GCC_WARN_UNDECLARED_SELECTOR = YES;
				GCC_WARN_UNINITIALIZED_AUTOS = YES_AGGRESSIVE;
				GCC_WARN_UNUSED_FUNCTION = YES;
				GCC_WARN_UNUSED_VARIABLE = YES;
				IPHONEOS_DEPLOYMENT_TARGET = 16.2;
				MTL_ENABLE_DEBUG_INFO = NO;
				MTL_FAST_MATH = YES;
				SDKROOT = iphoneos;
				SWIFT_COMPILATION_MODE = wholemodule;
				SWIFT_OPTIMIZATION_LEVEL = "-O";
				VALIDATE_PRODUCT = YES;
			};
			name = Release;
		};
		1643EFE529E5684B005602D3 /* Debug */ = {
			isa = XCBuildConfiguration;
			baseConfigurationReference = EEDFA4772D407F1222E75186 /* Pods-QuranSearch.debug.xcconfig */;
			buildSettings = {
				ASSETCATALOG_COMPILER_APPICON_NAME = AppIcon;
				ASSETCATALOG_COMPILER_GLOBAL_ACCENT_COLOR_NAME = AccentColor;
				CODE_SIGN_STYLE = Automatic;
				CURRENT_PROJECT_VERSION = 3;
				DEVELOPMENT_TEAM = 2S5AR6B46T;
				GENERATE_INFOPLIST_FILE = YES;
				INFOPLIST_FILE = QuranSearch/Info.plist;
				INFOPLIST_KEY_UIApplicationSupportsIndirectInputEvents = YES;
				INFOPLIST_KEY_UILaunchStoryboardName = LaunchScreen.storyboard;
				INFOPLIST_KEY_UISupportedInterfaceOrientations_iPad = "UIInterfaceOrientationPortrait UIInterfaceOrientationPortraitUpsideDown UIInterfaceOrientationLandscapeLeft UIInterfaceOrientationLandscapeRight";
				INFOPLIST_KEY_UISupportedInterfaceOrientations_iPhone = "UIInterfaceOrientationPortrait UIInterfaceOrientationLandscapeLeft UIInterfaceOrientationLandscapeRight";
				IPHONEOS_DEPLOYMENT_TARGET = 15.0;
				LD_RUNPATH_SEARCH_PATHS = (
					"$(inherited)",
					"@executable_path/Frameworks",
				);
				MARKETING_VERSION = 2.0.0;
				PRODUCT_BUNDLE_IDENTIFIER = sina.QuranTranslation;
				PRODUCT_NAME = "$(TARGET_NAME)";
				SWIFT_EMIT_LOC_STRINGS = YES;
				SWIFT_VERSION = 5.0;
				TARGETED_DEVICE_FAMILY = "1,2";
			};
			name = Debug;
		};
		1643EFE629E5684B005602D3 /* Release */ = {
			isa = XCBuildConfiguration;
			baseConfigurationReference = 5F59716AF7113D24C1E56FF2 /* Pods-QuranSearch.release.xcconfig */;
			buildSettings = {
				ASSETCATALOG_COMPILER_APPICON_NAME = AppIcon;
				ASSETCATALOG_COMPILER_GLOBAL_ACCENT_COLOR_NAME = AccentColor;
				CODE_SIGN_STYLE = Automatic;
				CURRENT_PROJECT_VERSION = 3;
				DEVELOPMENT_TEAM = 2S5AR6B46T;
				GENERATE_INFOPLIST_FILE = YES;
				INFOPLIST_FILE = QuranSearch/Info.plist;
				INFOPLIST_KEY_UIApplicationSupportsIndirectInputEvents = YES;
				INFOPLIST_KEY_UILaunchStoryboardName = LaunchScreen.storyboard;
				INFOPLIST_KEY_UISupportedInterfaceOrientations_iPad = "UIInterfaceOrientationPortrait UIInterfaceOrientationPortraitUpsideDown UIInterfaceOrientationLandscapeLeft UIInterfaceOrientationLandscapeRight";
				INFOPLIST_KEY_UISupportedInterfaceOrientations_iPhone = "UIInterfaceOrientationPortrait UIInterfaceOrientationLandscapeLeft UIInterfaceOrientationLandscapeRight";
				IPHONEOS_DEPLOYMENT_TARGET = 15.0;
				LD_RUNPATH_SEARCH_PATHS = (
					"$(inherited)",
					"@executable_path/Frameworks",
				);
				MARKETING_VERSION = 2.0.0;
				PRODUCT_BUNDLE_IDENTIFIER = sina.QuranTranslation;
				PRODUCT_NAME = "$(TARGET_NAME)";
				SWIFT_EMIT_LOC_STRINGS = YES;
				SWIFT_VERSION = 5.0;
				TARGETED_DEVICE_FAMILY = "1,2";
			};
			name = Release;
		};
/* End XCBuildConfiguration section */

/* Begin XCConfigurationList section */
		1643EFCB29E5684A005602D3 /* Build configuration list for PBXProject "QuranSearch" */ = {
			isa = XCConfigurationList;
			buildConfigurations = (
				1643EFE229E5684B005602D3 /* Debug */,
				1643EFE329E5684B005602D3 /* Release */,
			);
			defaultConfigurationIsVisible = 0;
			defaultConfigurationName = Release;
		};
		1643EFE429E5684B005602D3 /* Build configuration list for PBXNativeTarget "QuranSearch" */ = {
			isa = XCConfigurationList;
			buildConfigurations = (
				1643EFE529E5684B005602D3 /* Debug */,
				1643EFE629E5684B005602D3 /* Release */,
			);
			defaultConfigurationIsVisible = 0;
			defaultConfigurationName = Release;
		};
/* End XCConfigurationList section */
	};
	rootObject = 1643EFC829E5684A005602D3 /* Project object */;
}
