// !$*UTF8*$!
{
	archiveVersion = 1;
	classes = {
	};
	objectVersion = 55;
	objects = {

/* Begin PBXBuildFile section */
		16030E2C2941CA8A000B99E5 /* SearchBar.swift in Sources */ = {isa = PBXBuildFile; fileRef = 16030E2B2941CA8A000B99E5 /* SearchBar.swift */; };
		64860069293EFCA000769A73 /* ColorTheme.swift in Sources */ = {isa = PBXBuildFile; fileRef = 64860068293EFCA000769A73 /* ColorTheme.swift */; };
		6486006B293F2CEA00769A73 /* RoundedCorner.swift in Sources */ = {isa = PBXBuildFile; fileRef = 6486006A293F2CEA00769A73 /* RoundedCorner.swift */; };
		64BC1C382937272000BC88B5 /* quran_id.json in Resources */ = {isa = PBXBuildFile; fileRef = 64BC1C372937272000BC88B5 /* quran_id.json */; };
		64BC8720293DE2980071D94A /* Localization.strings in Resources */ = {isa = PBXBuildFile; fileRef = 64BC8722293DE2980071D94A /* Localization.strings */; };
		64C3BBD129371C7000DDB491 /* Language.swift in Sources */ = {isa = PBXBuildFile; fileRef = 64C3BBD029371C7000DDB491 /* Language.swift */; };
		9E80525A09D97EABC6D1FA27 /* Pods_QuranSearch.framework in Frameworks */ = {isa = PBXBuildFile; fileRef = E8A194C3ECD2AF90FE26B702 /* Pods_QuranSearch.framework */; };
		A93A251328ACFF73008D5673 /* QuranSearchApp.swift in Sources */ = {isa = PBXBuildFile; fileRef = A93A251228ACFF73008D5673 /* QuranSearchApp.swift */; };
		A93A251528ACFF73008D5673 /* VerseListView.swift in Sources */ = {isa = PBXBuildFile; fileRef = A93A251428ACFF73008D5673 /* VerseListView.swift */; };
		A93A251728ACFF76008D5673 /* Assets.xcassets in Resources */ = {isa = PBXBuildFile; fileRef = A93A251628ACFF76008D5673 /* Assets.xcassets */; };
		A965173E28C4B2C800FB660B /* VerseCellView.swift in Sources */ = {isa = PBXBuildFile; fileRef = A965173D28C4B2C800FB660B /* VerseCellView.swift */; };
		A992BD1E28BB78FD00BE71D5 /* Model.swift in Sources */ = {isa = PBXBuildFile; fileRef = A992BD1D28BB78FD00BE71D5 /* Model.swift */; };
		A992BD2028BB864D00BE71D5 /* NestedDecodable.swift in Sources */ = {isa = PBXBuildFile; fileRef = A992BD1F28BB864D00BE71D5 /* NestedDecodable.swift */; };
		A9A1D2AB28BA626B00171A23 /* quran_en.json in Resources */ = {isa = PBXBuildFile; fileRef = A9A1D2AA28BA626B00171A23 /* quran_en.json */; };
		A9F6381D28FDB7E100B1BBAC /* VerseDetailView.swift in Sources */ = {isa = PBXBuildFile; fileRef = A9F6381C28FDB7E100B1BBAC /* VerseDetailView.swift */; };
/* End PBXBuildFile section */

/* Begin PBXFileReference section */
		16030E2B2941CA8A000B99E5 /* SearchBar.swift */ = {isa = PBXFileReference; lastKnownFileType = sourcecode.swift; path = SearchBar.swift; sourceTree = "<group>"; };
		160AE48F293FB2F100B62527 /* Info.plist */ = {isa = PBXFileReference; lastKnownFileType = text.plist; path = Info.plist; sourceTree = "<group>"; };
		64860068293EFCA000769A73 /* ColorTheme.swift */ = {isa = PBXFileReference; lastKnownFileType = sourcecode.swift; path = ColorTheme.swift; sourceTree = "<group>"; };
		6486006A293F2CEA00769A73 /* RoundedCorner.swift */ = {isa = PBXFileReference; lastKnownFileType = sourcecode.swift; path = RoundedCorner.swift; sourceTree = "<group>"; };
		64BC1C372937272000BC88B5 /* quran_id.json */ = {isa = PBXFileReference; fileEncoding = 4; lastKnownFileType = text.json; path = quran_id.json; sourceTree = "<group>"; };
		64BC8721293DE2980071D94A /* en */ = {isa = PBXFileReference; lastKnownFileType = text.plist.strings; name = en; path = en.lproj/Localization.strings; sourceTree = "<group>"; };
		64BC8723293DE2AF0071D94A /* id */ = {isa = PBXFileReference; lastKnownFileType = text.plist.strings; name = id; path = id.lproj/Localization.strings; sourceTree = "<group>"; };
		64C3BBD029371C7000DDB491 /* Language.swift */ = {isa = PBXFileReference; lastKnownFileType = sourcecode.swift; path = Language.swift; sourceTree = "<group>"; };
		73903FAA469D8F29C545DF20 /* Pods-QuranSearch.debug.xcconfig */ = {isa = PBXFileReference; includeInIndex = 1; lastKnownFileType = text.xcconfig; name = "Pods-QuranSearch.debug.xcconfig"; path = "Target Support Files/Pods-QuranSearch/Pods-QuranSearch.debug.xcconfig"; sourceTree = "<group>"; };
		A93A250F28ACFF73008D5673 /* Al-Quran Search.app */ = {isa = PBXFileReference; explicitFileType = wrapper.application; includeInIndex = 0; path = "Al-Quran Search.app"; sourceTree = BUILT_PRODUCTS_DIR; };
		A93A251228ACFF73008D5673 /* QuranSearchApp.swift */ = {isa = PBXFileReference; lastKnownFileType = sourcecode.swift; path = QuranSearchApp.swift; sourceTree = "<group>"; };
		A93A251428ACFF73008D5673 /* VerseListView.swift */ = {isa = PBXFileReference; lastKnownFileType = sourcecode.swift; path = VerseListView.swift; sourceTree = "<group>"; };
		A93A251628ACFF76008D5673 /* Assets.xcassets */ = {isa = PBXFileReference; lastKnownFileType = folder.assetcatalog; path = Assets.xcassets; sourceTree = "<group>"; };
		A965173D28C4B2C800FB660B /* VerseCellView.swift */ = {isa = PBXFileReference; lastKnownFileType = sourcecode.swift; path = VerseCellView.swift; sourceTree = "<group>"; };
		A992BD1D28BB78FD00BE71D5 /* Model.swift */ = {isa = PBXFileReference; lastKnownFileType = sourcecode.swift; path = Model.swift; sourceTree = "<group>"; };
		A992BD1F28BB864D00BE71D5 /* NestedDecodable.swift */ = {isa = PBXFileReference; fileEncoding = 4; lastKnownFileType = sourcecode.swift; path = NestedDecodable.swift; sourceTree = "<group>"; };
		A9A1D2AA28BA626B00171A23 /* quran_en.json */ = {isa = PBXFileReference; fileEncoding = 4; lastKnownFileType = text.json; path = quran_en.json; sourceTree = "<group>"; };
		A9F6381C28FDB7E100B1BBAC /* VerseDetailView.swift */ = {isa = PBXFileReference; lastKnownFileType = sourcecode.swift; path = VerseDetailView.swift; sourceTree = "<group>"; };
		ABBE2A50F88A49638B4AFA85 /* Pods-QuranTranslation.release.xcconfig */ = {isa = PBXFileReference; includeInIndex = 1; lastKnownFileType = text.xcconfig; name = "Pods-QuranTranslation.release.xcconfig"; path = "Target Support Files/Pods-QuranTranslation/Pods-QuranTranslation.release.xcconfig"; sourceTree = "<group>"; };
		E8A194C3ECD2AF90FE26B702 /* Pods_QuranSearch.framework */ = {isa = PBXFileReference; explicitFileType = wrapper.framework; includeInIndex = 0; path = Pods_QuranSearch.framework; sourceTree = BUILT_PRODUCTS_DIR; };
		EB5DC956FAF46C34917885A5 /* Pods-QuranTranslation.debug.xcconfig */ = {isa = PBXFileReference; includeInIndex = 1; lastKnownFileType = text.xcconfig; name = "Pods-QuranTranslation.debug.xcconfig"; path = "Target Support Files/Pods-QuranTranslation/Pods-QuranTranslation.debug.xcconfig"; sourceTree = "<group>"; };
		F0A329A8FE77D118025F98B9 /* Pods-QuranSearch.release.xcconfig */ = {isa = PBXFileReference; includeInIndex = 1; lastKnownFileType = text.xcconfig; name = "Pods-QuranSearch.release.xcconfig"; path = "Target Support Files/Pods-QuranSearch/Pods-QuranSearch.release.xcconfig"; sourceTree = "<group>"; };
/* End PBXFileReference section */

/* Begin PBXFrameworksBuildPhase section */
		A93A250C28ACFF73008D5673 /* Frameworks */ = {
			isa = PBXFrameworksBuildPhase;
			buildActionMask = 2147483647;
			files = (
				9E80525A09D97EABC6D1FA27 /* Pods_QuranSearch.framework in Frameworks */,
			);
			runOnlyForDeploymentPostprocessing = 0;
		};
/* End PBXFrameworksBuildPhase section */

/* Begin PBXGroup section */
		64412803293A028C0056498C /* Localization */ = {
			isa = PBXGroup;
			children = (
				64C3BBD029371C7000DDB491 /* Language.swift */,
				64BC8722293DE2980071D94A /* Localization.strings */,
			);
			path = Localization;
			sourceTree = "<group>";
		};
		64860067293EFC8200769A73 /* Common */ = {
			isa = PBXGroup;
			children = (
				64860068293EFCA000769A73 /* ColorTheme.swift */,
				6486006A293F2CEA00769A73 /* RoundedCorner.swift */,
			);
			path = Common;
			sourceTree = "<group>";
		};
		64C3BBCF29371C3400DDB491 /* Model */ = {
			isa = PBXGroup;
			children = (
			);
			path = Model;
			sourceTree = "<group>";
		};
		A93A250628ACFF73008D5673 = {
			isa = PBXGroup;
			children = (
				A93A251128ACFF73008D5673 /* QuranTranslation */,
				A93A251028ACFF73008D5673 /* Products */,
				D12E0AB7BBCACE7BEE34F21B /* Pods */,
				B28047A52A119861291D47E8 /* Frameworks */,
			);
			sourceTree = "<group>";
		};
		A93A251028ACFF73008D5673 /* Products */ = {
			isa = PBXGroup;
			children = (
				A93A250F28ACFF73008D5673 /* Al-Quran Search.app */,
			);
			name = Products;
			sourceTree = "<group>";
		};
		A93A251128ACFF73008D5673 /* QuranTranslation */ = {
			isa = PBXGroup;
			children = (
				160AE48F293FB2F100B62527 /* Info.plist */,
				64860067293EFC8200769A73 /* Common */,
				64412803293A028C0056498C /* Localization */,
				A9F6381B28FDB79C00B1BBAC /* VerseDetail */,
				A965173C28C4B22700FB660B /* SearchPage */,
				A93A251228ACFF73008D5673 /* QuranSearchApp.swift */,
				A93A251628ACFF76008D5673 /* Assets.xcassets */,
				A9A1D2AA28BA626B00171A23 /* quran_en.json */,
				64BC1C372937272000BC88B5 /* quran_id.json */,
				A992BD1D28BB78FD00BE71D5 /* Model.swift */,
				A992BD1F28BB864D00BE71D5 /* NestedDecodable.swift */,
			);
			path = QuranTranslation;
			sourceTree = "<group>";
		};
		A965173C28C4B22700FB660B /* SearchPage */ = {
			isa = PBXGroup;
			children = (
				64C3BBCF29371C3400DDB491 /* Model */,
				A93A251428ACFF73008D5673 /* VerseListView.swift */,
				A965173D28C4B2C800FB660B /* VerseCellView.swift */,
				16030E2B2941CA8A000B99E5 /* SearchBar.swift */,
			);
			path = SearchPage;
			sourceTree = "<group>";
		};
		A9F6381B28FDB79C00B1BBAC /* VerseDetail */ = {
			isa = PBXGroup;
			children = (
				A9F6381C28FDB7E100B1BBAC /* VerseDetailView.swift */,
			);
			path = VerseDetail;
			sourceTree = "<group>";
		};
		B28047A52A119861291D47E8 /* Frameworks */ = {
			isa = PBXGroup;
			children = (
				E8A194C3ECD2AF90FE26B702 /* Pods_QuranSearch.framework */,
			);
			name = Frameworks;
			sourceTree = "<group>";
		};
		D12E0AB7BBCACE7BEE34F21B /* Pods */ = {
			isa = PBXGroup;
			children = (
				EB5DC956FAF46C34917885A5 /* Pods-QuranTranslation.debug.xcconfig */,
				ABBE2A50F88A49638B4AFA85 /* Pods-QuranTranslation.release.xcconfig */,
				73903FAA469D8F29C545DF20 /* Pods-QuranSearch.debug.xcconfig */,
				F0A329A8FE77D118025F98B9 /* Pods-QuranSearch.release.xcconfig */,
			);
			path = Pods;
			sourceTree = "<group>";
		};
/* End PBXGroup section */

/* Begin PBXNativeTarget section */
		A93A250E28ACFF73008D5673 /* QuranSearch */ = {
			isa = PBXNativeTarget;
			buildConfigurationList = A93A251D28ACFF76008D5673 /* Build configuration list for PBXNativeTarget "QuranSearch" */;
			buildPhases = (
				25832890035F2C28FFD19EAE /* [CP] Check Pods Manifest.lock */,
				A93A250B28ACFF73008D5673 /* Sources */,
				A93A250C28ACFF73008D5673 /* Frameworks */,
				A93A250D28ACFF73008D5673 /* Resources */,
				50C65B572000E73CAF01B286 /* [CP] Embed Pods Frameworks */,
			);
			buildRules = (
			);
			dependencies = (
			);
			name = QuranSearch;
			productName = QuranTranslation;
			productReference = A93A250F28ACFF73008D5673 /* Al-Quran Search.app */;
			productType = "com.apple.product-type.application";
		};
/* End PBXNativeTarget section */

/* Begin PBXProject section */
		A93A250728ACFF73008D5673 /* Project object */ = {
			isa = PBXProject;
			attributes = {
				BuildIndependentTargetsInParallel = 1;
				LastSwiftUpdateCheck = 1320;
				LastUpgradeCheck = 1320;
				TargetAttributes = {
					A93A250E28ACFF73008D5673 = {
						CreatedOnToolsVersion = 13.2.1;
					};
				};
			};
			buildConfigurationList = A93A250A28ACFF73008D5673 /* Build configuration list for PBXProject "QuranSearch" */;
			compatibilityVersion = "Xcode 13.0";
			developmentRegion = en;
			hasScannedForEncodings = 0;
			knownRegions = (
				en,
				id,
			);
			mainGroup = A93A250628ACFF73008D5673;
			productRefGroup = A93A251028ACFF73008D5673 /* Products */;
			projectDirPath = "";
			projectRoot = "";
			targets = (
				A93A250E28ACFF73008D5673 /* QuranSearch */,
			);
		};
/* End PBXProject section */

/* Begin PBXResourcesBuildPhase section */
		A93A250D28ACFF73008D5673 /* Resources */ = {
			isa = PBXResourcesBuildPhase;
			buildActionMask = 2147483647;
			files = (
				64BC1C382937272000BC88B5 /* quran_id.json in Resources */,
				A93A251728ACFF76008D5673 /* Assets.xcassets in Resources */,
				A9A1D2AB28BA626B00171A23 /* quran_en.json in Resources */,
				64BC8720293DE2980071D94A /* Localization.strings in Resources */,
			);
			runOnlyForDeploymentPostprocessing = 0;
		};
/* End PBXResourcesBuildPhase section */

/* Begin PBXShellScriptBuildPhase section */
		25832890035F2C28FFD19EAE /* [CP] Check Pods Manifest.lock */ = {
			isa = PBXShellScriptBuildPhase;
			buildActionMask = 2147483647;
			files = (
			);
			inputFileListPaths = (
			);
			inputPaths = (
				"${PODS_PODFILE_DIR_PATH}/Podfile.lock",
				"${PODS_ROOT}/Manifest.lock",
			);
			name = "[CP] Check Pods Manifest.lock";
			outputFileListPaths = (
			);
			outputPaths = (
				"$(DERIVED_FILE_DIR)/Pods-QuranSearch-checkManifestLockResult.txt",
			);
			runOnlyForDeploymentPostprocessing = 0;
			shellPath = /bin/sh;
			shellScript = "diff \"${PODS_PODFILE_DIR_PATH}/Podfile.lock\" \"${PODS_ROOT}/Manifest.lock\" > /dev/null\nif [ $? != 0 ] ; then\n    # print error to STDERR\n    echo \"error: The sandbox is not in sync with the Podfile.lock. Run 'pod install' or update your CocoaPods installation.\" >&2\n    exit 1\nfi\n# This output is used by Xcode 'outputs' to avoid re-running this script phase.\necho \"SUCCESS\" > \"${SCRIPT_OUTPUT_FILE_0}\"\n";
			showEnvVarsInLog = 0;
		};
		50C65B572000E73CAF01B286 /* [CP] Embed Pods Frameworks */ = {
			isa = PBXShellScriptBuildPhase;
			buildActionMask = 2147483647;
			files = (
			);
			inputFileListPaths = (
				"${PODS_ROOT}/Target Support Files/Pods-QuranSearch/Pods-QuranSearch-frameworks-${CONFIGURATION}-input-files.xcfilelist",
			);
			name = "[CP] Embed Pods Frameworks";
			outputFileListPaths = (
				"${PODS_ROOT}/Target Support Files/Pods-QuranSearch/Pods-QuranSearch-frameworks-${CONFIGURATION}-output-files.xcfilelist",
			);
			runOnlyForDeploymentPostprocessing = 0;
			shellPath = /bin/sh;
			shellScript = "\"${PODS_ROOT}/Target Support Files/Pods-QuranSearch/Pods-QuranSearch-frameworks.sh\"\n";
			showEnvVarsInLog = 0;
		};
/* End PBXShellScriptBuildPhase section */

/* Begin PBXSourcesBuildPhase section */
		A93A250B28ACFF73008D5673 /* Sources */ = {
			isa = PBXSourcesBuildPhase;
			buildActionMask = 2147483647;
			files = (
				A9F6381D28FDB7E100B1BBAC /* VerseDetailView.swift in Sources */,
				A992BD1E28BB78FD00BE71D5 /* Model.swift in Sources */,
				A93A251528ACFF73008D5673 /* VerseListView.swift in Sources */,
				6486006B293F2CEA00769A73 /* RoundedCorner.swift in Sources */,
				64C3BBD129371C7000DDB491 /* Language.swift in Sources */,
				A965173E28C4B2C800FB660B /* VerseCellView.swift in Sources */,
				64860069293EFCA000769A73 /* ColorTheme.swift in Sources */,
				16030E2C2941CA8A000B99E5 /* SearchBar.swift in Sources */,
				A992BD2028BB864D00BE71D5 /* NestedDecodable.swift in Sources */,
				A93A251328ACFF73008D5673 /* QuranSearchApp.swift in Sources */,
			);
			runOnlyForDeploymentPostprocessing = 0;
		};
/* End PBXSourcesBuildPhase section */

/* Begin PBXVariantGroup section */
		64BC8722293DE2980071D94A /* Localization.strings */ = {
			isa = PBXVariantGroup;
			children = (
				64BC8721293DE2980071D94A /* en */,
				64BC8723293DE2AF0071D94A /* id */,
			);
			name = Localization.strings;
			sourceTree = "<group>";
		};
/* End PBXVariantGroup section */

/* Begin XCBuildConfiguration section */
		A93A251B28ACFF76008D5673 /* Debug */ = {
			isa = XCBuildConfiguration;
			buildSettings = {
				ALWAYS_SEARCH_USER_PATHS = NO;
				CLANG_ANALYZER_LOCALIZABILITY_NONLOCALIZED = YES;
				CLANG_ANALYZER_NONNULL = YES;
				CLANG_ANALYZER_NUMBER_OBJECT_CONVERSION = YES_AGGRESSIVE;
				CLANG_CXX_LANGUAGE_STANDARD = "gnu++17";
				CLANG_CXX_LIBRARY = "libc++";
				CLANG_ENABLE_MODULES = YES;
				CLANG_ENABLE_OBJC_ARC = YES;
				CLANG_ENABLE_OBJC_WEAK = YES;
				CLANG_WARN_BLOCK_CAPTURE_AUTORELEASING = YES;
				CLANG_WARN_BOOL_CONVERSION = YES;
				CLANG_WARN_COMMA = YES;
				CLANG_WARN_CONSTANT_CONVERSION = YES;
				CLANG_WARN_DEPRECATED_OBJC_IMPLEMENTATIONS = YES;
				CLANG_WARN_DIRECT_OBJC_ISA_USAGE = YES_ERROR;
				CLANG_WARN_DOCUMENTATION_COMMENTS = YES;
				CLANG_WARN_EMPTY_BODY = YES;
				CLANG_WARN_ENUM_CONVERSION = YES;
				CLANG_WARN_INFINITE_RECURSION = YES;
				CLANG_WARN_INT_CONVERSION = YES;
				CLANG_WARN_NON_LITERAL_NULL_CONVERSION = YES;
				CLANG_WARN_OBJC_IMPLICIT_RETAIN_SELF = YES;
				CLANG_WARN_OBJC_LITERAL_CONVERSION = YES;
				CLANG_WARN_OBJC_ROOT_CLASS = YES_ERROR;
				CLANG_WARN_QUOTED_INCLUDE_IN_FRAMEWORK_HEADER = YES;
				CLANG_WARN_RANGE_LOOP_ANALYSIS = YES;
				CLANG_WARN_STRICT_PROTOTYPES = YES;
				CLANG_WARN_SUSPICIOUS_MOVE = YES;
				CLANG_WARN_UNGUARDED_AVAILABILITY = YES_AGGRESSIVE;
				CLANG_WARN_UNREACHABLE_CODE = YES;
				CLANG_WARN__DUPLICATE_METHOD_MATCH = YES;
				COPY_PHASE_STRIP = NO;
				DEBUG_INFORMATION_FORMAT = dwarf;
				ENABLE_STRICT_OBJC_MSGSEND = YES;
				ENABLE_TESTABILITY = YES;
				GCC_C_LANGUAGE_STANDARD = gnu11;
				GCC_DYNAMIC_NO_PIC = NO;
				GCC_NO_COMMON_BLOCKS = YES;
				GCC_OPTIMIZATION_LEVEL = 0;
				GCC_PREPROCESSOR_DEFINITIONS = (
					"DEBUG=1",
					"$(inherited)",
				);
				GCC_WARN_64_TO_32_BIT_CONVERSION = YES;
				GCC_WARN_ABOUT_RETURN_TYPE = YES_ERROR;
				GCC_WARN_UNDECLARED_SELECTOR = YES;
				GCC_WARN_UNINITIALIZED_AUTOS = YES_AGGRESSIVE;
				GCC_WARN_UNUSED_FUNCTION = YES;
				GCC_WARN_UNUSED_VARIABLE = YES;
				IPHONEOS_DEPLOYMENT_TARGET = 15.2;
				MTL_ENABLE_DEBUG_INFO = INCLUDE_SOURCE;
				MTL_FAST_MATH = YES;
				ONLY_ACTIVE_ARCH = YES;
				SDKROOT = iphoneos;
				SWIFT_ACTIVE_COMPILATION_CONDITIONS = DEBUG;
				SWIFT_EMIT_LOC_STRINGS = YES;
				SWIFT_OPTIMIZATION_LEVEL = "-Onone";
			};
			name = Debug;
		};
		A93A251C28ACFF76008D5673 /* Release */ = {
			isa = XCBuildConfiguration;
			buildSettings = {
				ALWAYS_SEARCH_USER_PATHS = NO;
				CLANG_ANALYZER_LOCALIZABILITY_NONLOCALIZED = YES;
				CLANG_ANALYZER_NONNULL = YES;
				CLANG_ANALYZER_NUMBER_OBJECT_CONVERSION = YES_AGGRESSIVE;
				CLANG_CXX_LANGUAGE_STANDARD = "gnu++17";
				CLANG_CXX_LIBRARY = "libc++";
				CLANG_ENABLE_MODULES = YES;
				CLANG_ENABLE_OBJC_ARC = YES;
				CLANG_ENABLE_OBJC_WEAK = YES;
				CLANG_WARN_BLOCK_CAPTURE_AUTORELEASING = YES;
				CLANG_WARN_BOOL_CONVERSION = YES;
				CLANG_WARN_COMMA = YES;
				CLANG_WARN_CONSTANT_CONVERSION = YES;
				CLANG_WARN_DEPRECATED_OBJC_IMPLEMENTATIONS = YES;
				CLANG_WARN_DIRECT_OBJC_ISA_USAGE = YES_ERROR;
				CLANG_WARN_DOCUMENTATION_COMMENTS = YES;
				CLANG_WARN_EMPTY_BODY = YES;
				CLANG_WARN_ENUM_CONVERSION = YES;
				CLANG_WARN_INFINITE_RECURSION = YES;
				CLANG_WARN_INT_CONVERSION = YES;
				CLANG_WARN_NON_LITERAL_NULL_CONVERSION = YES;
				CLANG_WARN_OBJC_IMPLICIT_RETAIN_SELF = YES;
				CLANG_WARN_OBJC_LITERAL_CONVERSION = YES;
				CLANG_WARN_OBJC_ROOT_CLASS = YES_ERROR;
				CLANG_WARN_QUOTED_INCLUDE_IN_FRAMEWORK_HEADER = YES;
				CLANG_WARN_RANGE_LOOP_ANALYSIS = YES;
				CLANG_WARN_STRICT_PROTOTYPES = YES;
				CLANG_WARN_SUSPICIOUS_MOVE = YES;
				CLANG_WARN_UNGUARDED_AVAILABILITY = YES_AGGRESSIVE;
				CLANG_WARN_UNREACHABLE_CODE = YES;
				CLANG_WARN__DUPLICATE_METHOD_MATCH = YES;
				COPY_PHASE_STRIP = NO;
				DEBUG_INFORMATION_FORMAT = "dwarf-with-dsym";
				ENABLE_NS_ASSERTIONS = NO;
				ENABLE_STRICT_OBJC_MSGSEND = YES;
				GCC_C_LANGUAGE_STANDARD = gnu11;
				GCC_NO_COMMON_BLOCKS = YES;
				GCC_WARN_64_TO_32_BIT_CONVERSION = YES;
				GCC_WARN_ABOUT_RETURN_TYPE = YES_ERROR;
				GCC_WARN_UNDECLARED_SELECTOR = YES;
				GCC_WARN_UNINITIALIZED_AUTOS = YES_AGGRESSIVE;
				GCC_WARN_UNUSED_FUNCTION = YES;
				GCC_WARN_UNUSED_VARIABLE = YES;
				IPHONEOS_DEPLOYMENT_TARGET = 15.2;
				MTL_ENABLE_DEBUG_INFO = NO;
				MTL_FAST_MATH = YES;
				SDKROOT = iphoneos;
				SWIFT_COMPILATION_MODE = wholemodule;
				SWIFT_EMIT_LOC_STRINGS = YES;
				SWIFT_OPTIMIZATION_LEVEL = "-O";
				VALIDATE_PRODUCT = YES;
			};
			name = Release;
		};
		A93A251E28ACFF76008D5673 /* Debug */ = {
			isa = XCBuildConfiguration;
			baseConfigurationReference = 73903FAA469D8F29C545DF20 /* Pods-QuranSearch.debug.xcconfig */;
			buildSettings = {
				ASSETCATALOG_COMPILER_APPICON_NAME = AppIcon;
				ASSETCATALOG_COMPILER_GLOBAL_ACCENT_COLOR_NAME = AccentColor;
				CODE_SIGN_STYLE = Automatic;
				CURRENT_PROJECT_VERSION = 2;
				DEVELOPMENT_ASSET_PATHS = "";
				DEVELOPMENT_TEAM = C39XVMFQ52;
				ENABLE_PREVIEWS = YES;
				GENERATE_INFOPLIST_FILE = YES;
				INFOPLIST_FILE = QuranTranslation/Info.plist;
				INFOPLIST_KEY_UIApplicationSceneManifest_Generation = YES;
				INFOPLIST_KEY_UIApplicationSupportsIndirectInputEvents = YES;
				INFOPLIST_KEY_UIStatusBarStyle = UIStatusBarStyleLightContent;
				INFOPLIST_KEY_UISupportedInterfaceOrientations = UIInterfaceOrientationPortrait;
				INFOPLIST_KEY_UISupportedInterfaceOrientations_iPad = "UIInterfaceOrientationLandscapeLeft UIInterfaceOrientationLandscapeRight UIInterfaceOrientationPortrait UIInterfaceOrientationPortraitUpsideDown";
				INFOPLIST_KEY_UIUserInterfaceStyle = Light;
				LD_RUNPATH_SEARCH_PATHS = (
					"$(inherited)",
					"@executable_path/Frameworks",
				);
				MARKETING_VERSION = 1.0;
				PRODUCT_BUNDLE_IDENTIFIER = sina.QuranTranslation;
				PRODUCT_NAME = "Al-Quran Search";
				SUPPORTED_PLATFORMS = "iphoneos iphonesimulator";
				SUPPORTS_MACCATALYST = NO;
				SUPPORTS_MAC_DESIGNED_FOR_IPHONE_IPAD = NO;
				SWIFT_EMIT_LOC_STRINGS = YES;
				SWIFT_VERSION = 5.0;
				TARGETED_DEVICE_FAMILY = 1;
			};
			name = Debug;
		};
		A93A251F28ACFF76008D5673 /* Release */ = {
			isa = XCBuildConfiguration;
			baseConfigurationReference = F0A329A8FE77D118025F98B9 /* Pods-QuranSearch.release.xcconfig */;
			buildSettings = {
				ASSETCATALOG_COMPILER_APPICON_NAME = AppIcon;
				ASSETCATALOG_COMPILER_GLOBAL_ACCENT_COLOR_NAME = AccentColor;
				CODE_SIGN_STYLE = Automatic;
				CURRENT_PROJECT_VERSION = 2;
				DEVELOPMENT_ASSET_PATHS = "";
				DEVELOPMENT_TEAM = C39XVMFQ52;
				ENABLE_PREVIEWS = YES;
				GENERATE_INFOPLIST_FILE = YES;
				INFOPLIST_FILE = QuranTranslation/Info.plist;
				INFOPLIST_KEY_UIApplicationSceneManifest_Generation = YES;
				INFOPLIST_KEY_UIApplicationSupportsIndirectInputEvents = YES;
				INFOPLIST_KEY_UIStatusBarStyle = UIStatusBarStyleLightContent;
				INFOPLIST_KEY_UISupportedInterfaceOrientations = UIInterfaceOrientationPortrait;
				INFOPLIST_KEY_UISupportedInterfaceOrientations_iPad = "UIInterfaceOrientationLandscapeLeft UIInterfaceOrientationLandscapeRight UIInterfaceOrientationPortrait UIInterfaceOrientationPortraitUpsideDown";
				INFOPLIST_KEY_UIUserInterfaceStyle = Light;
				LD_RUNPATH_SEARCH_PATHS = (
					"$(inherited)",
					"@executable_path/Frameworks",
				);
				MARKETING_VERSION = 1.0;
				PRODUCT_BUNDLE_IDENTIFIER = sina.QuranTranslation;
				PRODUCT_NAME = "Al-Quran Search";
				SUPPORTED_PLATFORMS = "iphoneos iphonesimulator";
				SUPPORTS_MACCATALYST = NO;
				SUPPORTS_MAC_DESIGNED_FOR_IPHONE_IPAD = NO;
				SWIFT_EMIT_LOC_STRINGS = YES;
				SWIFT_VERSION = 5.0;
				TARGETED_DEVICE_FAMILY = 1;
			};
			name = Release;
		};
/* End XCBuildConfiguration section */

/* Begin XCConfigurationList section */
		A93A250A28ACFF73008D5673 /* Build configuration list for PBXProject "QuranSearch" */ = {
			isa = XCConfigurationList;
			buildConfigurations = (
				A93A251B28ACFF76008D5673 /* Debug */,
				A93A251C28ACFF76008D5673 /* Release */,
			);
			defaultConfigurationIsVisible = 0;
			defaultConfigurationName = Release;
		};
		A93A251D28ACFF76008D5673 /* Build configuration list for PBXNativeTarget "QuranSearch" */ = {
			isa = XCConfigurationList;
			buildConfigurations = (
				A93A251E28ACFF76008D5673 /* Debug */,
				A93A251F28ACFF76008D5673 /* Release */,
			);
			defaultConfigurationIsVisible = 0;
			defaultConfigurationName = Release;
		};
/* End XCConfigurationList section */
	};
	rootObject = A93A250728ACFF73008D5673 /* Project object */;
}
